
Microsoft Visual Studio Solution File, Format Version 12.00
# Visual Studio 15
VisualStudioVersion = 15.0.27428.2037
MinimumVisualStudioVersion = 10.0.40219.1
Project("{FAE04EC0-301F-11D3-BF4B-00C04F79EFBC}") = "Resto.Front.Api.SamplePlugin", "Resto.Front.Api.SamplePlugin\Resto.Front.Api.SamplePlugin.csproj", "{BEF53C67-6583-4286-9657-95D9DB7E72FE}"
EndProject
Project("{FAE04EC0-301F-11D3-BF4B-00C04F79EFBC}") = "Resto.Front.Api.SamplePaymentPlugin", "Resto.Front.Api.SamplePaymentPlugin\Resto.Front.Api.SamplePaymentPlugin.csproj", "{9DCA2881-4E87-49CE-AD4F-383FF7AE3CD1}"
EndProject
Global
	GlobalSection(SolutionConfigurationPlatforms) = preSolution
		Debug|Any CPU = Debug|Any CPU
		Release|Any CPU = Release|Any CPU
	EndGlobalSection
	GlobalSection(ProjectConfigurationPlatforms) = postSolution
		{BEF53C67-6583-4286-9657-95D9DB7E72FE}.Debug|Any CPU.ActiveCfg = Debug|Any CPU
		{BEF53C67-6583-4286-9657-95D9DB7E72FE}.Debug|Any CPU.Build.0 = Debug|Any CPU
		{BEF53C67-6583-4286-9657-95D9DB7E72FE}.Release|Any CPU.ActiveCfg = Release|Any CPU
		{BEF53C67-6583-4286-9657-95D9DB7E72FE}.Release|Any CPU.Build.0 = Release|Any CPU
		{9DCA2881-4E87-49CE-AD4F-383FF7AE3CD1}.Debug|Any CPU.ActiveCfg = Debug|Any CPU
		{9DCA2881-4E87-49CE-AD4F-383FF7AE3CD1}.Debug|Any CPU.Build.0 = Debug|Any CPU
		{9DCA2881-4E87-49CE-AD4F-383FF7AE3CD1}.Release|Any CPU.ActiveCfg = Release|Any CPU
		{9DCA2881-4E87-49CE-AD4F-383FF7AE3CD1}.Release|Any CPU.Build.0 = Release|Any CPU
	EndGlobalSection
	GlobalSection(SolutionProperties) = preSolution
		HideSolutionNode = FALSE
	EndGlobalSection
	GlobalSection(ExtensibilityGlobals) = postSolution
		SolutionGuid = {73ADF244-0A17-4BAD-86DB-F3E439599AC9}
	EndGlobalSection
EndGlobal
