
Microsoft Visual Studio Solution File, Format Version 12.00
# Visual Studio Version 17
VisualStudioVersion = 17.0.31903.59
MinimumVisualStudioVersion = 10.0.40219.1
Project("{9A19103F-16F7-4668-BE54-9A1E7A4F7556}") = "Resto.Front.Api.SamplePlugin", "Resto.Front.Api.SamplePlugin\Resto.Front.Api.SamplePlugin.csproj", "{BEF53C67-6583-4286-9657-95D9DB7E72FE}"
EndProject
Project("{9A19103F-16F7-4668-BE54-9A1E7A4F7556}") = "Resto.Front.Api.CustomerScreen", "Resto.Front.Api.CustomerScreenPlugin\Resto.Front.Api.CustomerScreen.csproj", "{57E9E322-45D6-414D-A82B-0A91756388B6}"
EndProject
Project("{9A19103F-16F7-4668-BE54-9A1E7A4F7556}") = "Resto.Front.Api.SamplePaymentPlugin", "Resto.Front.Api.SamplePaymentPlugin\Resto.Front.Api.SamplePaymentPlugin.csproj", "{9DCA2881-4E87-49CE-AD4F-383FF7AE3CD1}"
EndProject
Project("{9A19103F-16F7-4668-BE54-9A1E7A4F7556}") = "Resto.Front.Api.SampleCashRegisterPlugin", "Resto.Front.Api.SampleCashRegisterPlugin\Resto.Front.Api.SampleCashRegisterPlugin.csproj", "{B9980203-6589-48B3-8F2D-7C8E58322411}"
EndProject
Project("{9A19103F-16F7-4668-BE54-9A1E7A4F7556}") = "Resto.Front.Api.SampleScalePlugin", "Resto.Front.Api.SampleScalePlugin\Resto.Front.Api.SampleScalePlugin.csproj", "{71E2197F-380A-4AD4-8462-2A1ECA2B0661}"
EndProject
Project("{9A19103F-16F7-4668-BE54-9A1E7A4F7556}") = "Resto.Front.Api.SampleRazorRunner", "Resto.Front.Api.SampleRazorRunner\Resto.Front.Api.SampleRazorRunner.csproj", "{82B2F119-55DD-47FA-B7E9-3A60881399CC}"
EndProject
Global
	GlobalSection(SolutionConfigurationPlatforms) = preSolution
		Debug|Any CPU = Debug|Any CPU
		Release|Any CPU = Release|Any CPU
	EndGlobalSection
	GlobalSection(ProjectConfigurationPlatforms) = postSolution
		{BEF53C67-6583-4286-9657-95D9DB7E72FE}.Debug|Any CPU.ActiveCfg = Debug|Any CPU
		{BEF53C67-6583-4286-9657-95D9DB7E72FE}.Debug|Any CPU.Build.0 = Debug|Any CPU
		{BEF53C67-6583-4286-9657-95D9DB7E72FE}.Release|Any CPU.ActiveCfg = Release|Any CPU
		{BEF53C67-6583-4286-9657-95D9DB7E72FE}.Release|Any CPU.Build.0 = Release|Any CPU
		{57E9E322-45D6-414D-A82B-0A91756388B6}.Debug|Any CPU.ActiveCfg = Debug|Any CPU
		{57E9E322-45D6-414D-A82B-0A91756388B6}.Debug|Any CPU.Build.0 = Debug|Any CPU
		{57E9E322-45D6-414D-A82B-0A91756388B6}.Release|Any CPU.ActiveCfg = Release|Any CPU
		{57E9E322-45D6-414D-A82B-0A91756388B6}.Release|Any CPU.Build.0 = Release|Any CPU
		{9DCA2881-4E87-49CE-AD4F-383FF7AE3CD1}.Debug|Any CPU.ActiveCfg = Debug|Any CPU
		{9DCA2881-4E87-49CE-AD4F-383FF7AE3CD1}.Debug|Any CPU.Build.0 = Debug|Any CPU
		{9DCA2881-4E87-49CE-AD4F-383FF7AE3CD1}.Release|Any CPU.ActiveCfg = Release|Any CPU
		{9DCA2881-4E87-49CE-AD4F-383FF7AE3CD1}.Release|Any CPU.Build.0 = Release|Any CPU
		{B9980203-6589-48B3-8F2D-7C8E58322411}.Debug|Any CPU.ActiveCfg = Debug|Any CPU
		{B9980203-6589-48B3-8F2D-7C8E58322411}.Debug|Any CPU.Build.0 = Debug|Any CPU
		{B9980203-6589-48B3-8F2D-7C8E58322411}.Release|Any CPU.ActiveCfg = Release|Any CPU
		{B9980203-6589-48B3-8F2D-7C8E58322411}.Release|Any CPU.Build.0 = Release|Any CPU
		{71E2197F-380A-4AD4-8462-2A1ECA2B0661}.Debug|Any CPU.ActiveCfg = Debug|Any CPU
		{71E2197F-380A-4AD4-8462-2A1ECA2B0661}.Debug|Any CPU.Build.0 = Debug|Any CPU
		{71E2197F-380A-4AD4-8462-2A1ECA2B0661}.Release|Any CPU.ActiveCfg = Release|Any CPU
		{71E2197F-380A-4AD4-8462-2A1ECA2B0661}.Release|Any CPU.Build.0 = Release|Any CPU
		{82B2F119-55DD-47FA-B7E9-3A60881399CC}.Debug|Any CPU.ActiveCfg = Debug|Any CPU
		{82B2F119-55DD-47FA-B7E9-3A60881399CC}.Debug|Any CPU.Build.0 = Debug|Any CPU
		{82B2F119-55DD-47FA-B7E9-3A60881399CC}.Release|Any CPU.ActiveCfg = Release|Any CPU
		{82B2F119-55DD-47FA-B7E9-3A60881399CC}.Release|Any CPU.Build.0 = Release|Any CPU
	EndGlobalSection
	GlobalSection(SolutionProperties) = preSolution
		HideSolutionNode = FALSE
	EndGlobalSection
	GlobalSection(ExtensibilityGlobals) = postSolution
		SolutionGuid = {DF810C73-887B-4840-ABF6-06FBBE8C3EE2}
	EndGlobalSection
EndGlobal
